<?xml version="1.0" encoding="utf-8"?>
<Project ToolsVersion="16.0" xmlns="http://schemas.microsoft.com/developer/msbuild/2003">
  <ItemGroup>
    <ClCompile Include="D:\springheadSrcUniversal\core\src\Foundation\FoundationStub.cpp">
      <Filter>Sources</Filter>
    </ClCompile>
    <ClCompile Include="D:\springheadSrcUniversal\core\src\Foundation\Object.cpp">
      <Filter>Sources</Filter>
    </ClCompile>
    <ClCompile Include="D:\springheadSrcUniversal\core\src\Foundation\QuadProg++.cc">
      <Filter>Sources</Filter>
    </ClCompile>
    <ClCompile Include="D:\springheadSrcUniversal\core\src\Foundation\Scene.cpp">
      <Filter>Sources</Filter>
    </ClCompile>
    <ClCompile Include="D:\springheadSrcUniversal\core\src\Foundation\ScilabStub.cpp">
      <Filter>Sources</Filter>
    </ClCompile>
    <ClCompile Include="D:\springheadSrcUniversal\core\src\Foundation\UTCriticalSection.cpp">
      <Filter>Sources</Filter>
    </ClCompile>
    <ClCompile Include="D:\springheadSrcUniversal\core\src\Foundation\UTDllLoader.cpp">
      <Filter>Sources</Filter>
    </ClCompile>
    <ClCompile Include="D:\springheadSrcUniversal\core\src\Foundation\UTLoadContext.cpp">
      <Filter>Sources</Filter>
    </ClCompile>
    <ClCompile Include="D:\springheadSrcUniversal\core\src\Foundation\UTLoadHandler.cpp">
      <Filter>Sources</Filter>
    </ClCompile>
    <ClCompile Include="D:\springheadSrcUniversal\core\src\Foundation\UTOptimizer.cpp">
      <Filter>Sources</Filter>
    </ClCompile>
    <ClCompile Include="D:\springheadSrcUniversal\core\src\Foundation\UTPath.cpp">
      <Filter>Sources</Filter>
    </ClCompile>
    <ClCompile Include="D:\springheadSrcUniversal\core\src\Foundation\UTQPTimer.cpp">
      <Filter>Sources</Filter>
    </ClCompile>
    <ClCompile Include="D:\springheadSrcUniversal\core\src\Foundation\UTRegisterTypeDesc.cpp">
      <Filter>Sources</Filter>
    </ClCompile>
    <ClCompile Include="D:\springheadSrcUniversal\core\src\Foundation\UTSocket.cpp">
      <Filter>Sources</Filter>
    </ClCompile>
    <ClCompile Include="D:\springheadSrcUniversal\core\src\Foundation\UTTimer.cpp">
      <Filter>Sources</Filter>
    </ClCompile>
    <ClCompile Include="D:\springheadSrcUniversal\core\src\Foundation\UTTypeDesc.cpp">
      <Filter>Sources</Filter>
    </ClCompile>
  </ItemGroup>
  <ItemGroup>
    <ClInclude Include="D:\springheadSrcUniversal\core\include\Foundation\SprObject.h">
      <Filter>Headers</Filter>
    </ClInclude>
    <ClInclude Include="D:\springheadSrcUniversal\core\include\Foundation\SprScene.h">
      <Filter>Headers</Filter>
    </ClInclude>
    <ClInclude Include="D:\springheadSrcUniversal\core\include\Foundation\SprUTCriticalSection.h">
      <Filter>Headers</Filter>
    </ClInclude>
    <ClInclude Include="D:\springheadSrcUniversal\core\include\Foundation\SprUTOptimizer.h">
      <Filter>Headers</Filter>
    </ClInclude>
    <ClInclude Include="D:\springheadSrcUniversal\core\include\Foundation\SprUTQPTimer.h">
      <Filter>Headers</Filter>
    </ClInclude>
    <ClInclude Include="D:\springheadSrcUniversal\core\include\Foundation\SprUTTimer.h">
      <Filter>Headers</Filter>
    </ClInclude>
    <ClInclude Include="D:\springheadSrcUniversal\core\include\SprFoundation.h">
      <Filter>Headers</Filter>
    </ClInclude>
    <ClInclude Include="D:\springheadSrcUniversal\core\src\Foundation\ClapackLibsDef.h">
      <Filter>Headers</Filter>
    </ClInclude>
    <ClInclude Include="D:\springheadSrcUniversal\core\src\Foundation\Object.h">
      <Filter>Headers</Filter>
    </ClInclude>
    <ClInclude Include="D:\springheadSrcUniversal\core\src\Foundation\QuadProg++.hh">
      <Filter>Headers</Filter>
    </ClInclude>
    <ClInclude Include="D:\springheadSrcUniversal\core\src\Foundation\Scene.h">
      <Filter>Headers</Filter>
    </ClInclude>
    <ClInclude Include="D:\springheadSrcUniversal\core\src\Foundation\UTBaseType.h">
      <Filter>Headers</Filter>
    </ClInclude>
    <ClInclude Include="D:\springheadSrcUniversal\core\src\Foundation\UTClapack.h">
      <Filter>Headers</Filter>
    </ClInclude>
    <ClInclude Include="D:\springheadSrcUniversal\core\src\Foundation\UTDllLoader.h">
      <Filter>Headers</Filter>
    </ClInclude>
    <ClInclude Include="D:\springheadSrcUniversal\core\src\Foundation\UTDllLoaderImpl.h">
      <Filter>Headers</Filter>
    </ClInclude>
    <ClInclude Include="D:\springheadSrcUniversal\core\src\Foundation\UTLoadContext.h">
      <Filter>Headers</Filter>
    </ClInclude>
    <ClInclude Include="D:\springheadSrcUniversal\core\src\Foundation\UTLoadHandler.h">
      <Filter>Headers</Filter>
    </ClInclude>
    <ClInclude Include="D:\springheadSrcUniversal\core\src\Foundation\UTOptimizer.h">
      <Filter>Headers</Filter>
    </ClInclude>
    <ClInclude Include="D:\springheadSrcUniversal\core\src\Foundation\UTPath.h">
      <Filter>Headers</Filter>
    </ClInclude>
    <ClInclude Include="D:\springheadSrcUniversal\core\src\Foundation\UTQPTimer.h">
      <Filter>Headers</Filter>
    </ClInclude>
    <ClInclude Include="D:\springheadSrcUniversal\core\src\Foundation\UTSocket.h">
      <Filter>Headers</Filter>
    </ClInclude>
    <ClInclude Include="D:\springheadSrcUniversal\core\src\Foundation\UTTimer.h">
      <Filter>Headers</Filter>
    </ClInclude>
    <ClInclude Include="D:\springheadSrcUniversal\core\src\Foundation\UTTypeDesc.h">
      <Filter>Headers</Filter>
    </ClInclude>
  </ItemGroup>
  <ItemGroup>
    <None Include="D:\springheadSrcUniversal\core\src\Foundation\Scilab.i" />
  </ItemGroup>
  <ItemGroup>
    <Filter Include="Headers">
      <UniqueIdentifier>{8E4CEA32-19F7-3B82-B112-29CAD5476DE3}</UniqueIdentifier>
    </Filter>
    <Filter Include="Sources">
      <UniqueIdentifier>{095747F8-F5AD-3A7C-8AF5-78D5A84802C3}</UniqueIdentifier>
    </Filter>
  </ItemGroup>
</Project>
