<?xml version="1.0" encoding="utf-8"?>
<Project ToolsVersion="16.0" xmlns="http://schemas.microsoft.com/developer/msbuild/2003">
  <ItemGroup>
    <ClCompile Include="D:\springheadSrcUniversal\core\src\Collision\CDBox.cpp">
      <Filter>Sources</Filter>
    </ClCompile>
    <ClCompile Include="D:\springheadSrcUniversal\core\src\Collision\CDCapsule.cpp">
      <Filter>Sources</Filter>
    </ClCompile>
    <ClCompile Include="D:\springheadSrcUniversal\core\src\Collision\CDConvex.cpp">
      <Filter>Sources</Filter>
    </ClCompile>
    <ClCompile Include="D:\springheadSrcUniversal\core\src\Collision\CDConvexMesh.cpp">
      <Filter>Sources</Filter>
    </ClCompile>
    <ClCompile Include="D:\springheadSrcUniversal\core\src\Collision\CDConvexMeshInterpolate.cpp">
      <Filter>Sources</Filter>
    </ClCompile>
    <ClCompile Include="D:\springheadSrcUniversal\core\src\Collision\CDCutRing.cpp">
      <Filter>Sources</Filter>
    </ClCompile>
    <ClCompile Include="D:\springheadSrcUniversal\core\src\Collision\CDDetectorImp.cpp">
      <Filter>Sources</Filter>
    </ClCompile>
    <ClCompile Include="D:\springheadSrcUniversal\core\src\Collision\CDEllipsoid.cpp">
      <Filter>Sources</Filter>
    </ClCompile>
    <ClCompile Include="D:\springheadSrcUniversal\core\src\Collision\CDGJK.cpp">
      <Filter>Sources</Filter>
    </ClCompile>
    <ClCompile Include="D:\springheadSrcUniversal\core\src\Collision\CDRegisterTypeDesc.cpp">
      <Filter>Sources</Filter>
    </ClCompile>
    <ClCompile Include="D:\springheadSrcUniversal\core\src\Collision\CDRoundCone.cpp">
      <Filter>Sources</Filter>
    </ClCompile>
    <ClCompile Include="D:\springheadSrcUniversal\core\src\Collision\CDShape.cpp">
      <Filter>Sources</Filter>
    </ClCompile>
    <ClCompile Include="D:\springheadSrcUniversal\core\src\Collision\CDSpatialHashTable.cpp">
      <Filter>Sources</Filter>
    </ClCompile>
    <ClCompile Include="D:\springheadSrcUniversal\core\src\Collision\CDSphere.cpp">
      <Filter>Sources</Filter>
    </ClCompile>
    <ClCompile Include="D:\springheadSrcUniversal\core\src\Collision\CollisionStub.cpp">
      <Filter>Sources</Filter>
    </ClCompile>
  </ItemGroup>
  <ItemGroup>
    <ClInclude Include="D:\springheadSrcUniversal\core\include\Collision\SprCDDetector.h">
      <Filter>Headers</Filter>
    </ClInclude>
    <ClInclude Include="D:\springheadSrcUniversal\core\include\Collision\SprCDShape.h">
      <Filter>Headers</Filter>
    </ClInclude>
    <ClInclude Include="D:\springheadSrcUniversal\core\include\Collision\SprCDSpHash.h">
      <Filter>Headers</Filter>
    </ClInclude>
    <ClInclude Include="D:\springheadSrcUniversal\core\src\Collision\CDBox.h">
      <Filter>Headers</Filter>
    </ClInclude>
    <ClInclude Include="D:\springheadSrcUniversal\core\src\Collision\CDCapsule.h">
      <Filter>Headers</Filter>
    </ClInclude>
    <ClInclude Include="D:\springheadSrcUniversal\core\src\Collision\CDCollisionFunctions.h">
      <Filter>Headers</Filter>
    </ClInclude>
    <ClInclude Include="D:\springheadSrcUniversal\core\src\Collision\CDConvex.h">
      <Filter>Headers</Filter>
    </ClInclude>
    <ClInclude Include="D:\springheadSrcUniversal\core\src\Collision\CDConvexMesh.h">
      <Filter>Headers</Filter>
    </ClInclude>
    <ClInclude Include="D:\springheadSrcUniversal\core\src\Collision\CDConvexMeshInterpolate.h">
      <Filter>Headers</Filter>
    </ClInclude>
    <ClInclude Include="D:\springheadSrcUniversal\core\src\Collision\CDCutRing.h">
      <Filter>Headers</Filter>
    </ClInclude>
    <ClInclude Include="D:\springheadSrcUniversal\core\src\Collision\CDDetectorImp.h">
      <Filter>Headers</Filter>
    </ClInclude>
    <ClInclude Include="D:\springheadSrcUniversal\core\src\Collision\CDEllipsoid.h">
      <Filter>Headers</Filter>
    </ClInclude>
    <ClInclude Include="D:\springheadSrcUniversal\core\src\Collision\CDQuickHull2D.h">
      <Filter>Headers</Filter>
    </ClInclude>
    <ClInclude Include="D:\springheadSrcUniversal\core\src\Collision\CDQuickHull2DImp.h">
      <Filter>Headers</Filter>
    </ClInclude>
    <ClInclude Include="D:\springheadSrcUniversal\core\src\Collision\CDQuickHull3D.h">
      <Filter>Headers</Filter>
    </ClInclude>
    <ClInclude Include="D:\springheadSrcUniversal\core\src\Collision\CDQuickHull3DImp.h">
      <Filter>Headers</Filter>
    </ClInclude>
    <ClInclude Include="D:\springheadSrcUniversal\core\src\Collision\CDRoundCone.h">
      <Filter>Headers</Filter>
    </ClInclude>
    <ClInclude Include="D:\springheadSrcUniversal\core\src\Collision\CDShape.h">
      <Filter>Headers</Filter>
    </ClInclude>
    <ClInclude Include="D:\springheadSrcUniversal\core\src\Collision\CDSpatialHashTable.h">
      <Filter>Headers</Filter>
    </ClInclude>
    <ClInclude Include="D:\springheadSrcUniversal\core\src\Collision\CDSphere.h">
      <Filter>Headers</Filter>
    </ClInclude>
    <ClInclude Include="D:\springheadSrcUniversal\core\src\Collision\Collision.h">
      <Filter>Headers</Filter>
    </ClInclude>
  </ItemGroup>
  <ItemGroup>
    <Filter Include="Headers">
      <UniqueIdentifier>{8E4CEA32-19F7-3B82-B112-29CAD5476DE3}</UniqueIdentifier>
    </Filter>
    <Filter Include="Sources">
      <UniqueIdentifier>{095747F8-F5AD-3A7C-8AF5-78D5A84802C3}</UniqueIdentifier>
    </Filter>
  </ItemGroup>
</Project>
