<?xml version="1.0" encoding="utf-8"?>
<Project ToolsVersion="16.0" xmlns="http://schemas.microsoft.com/developer/msbuild/2003">
  <ItemGroup>
    <ClCompile Include="D:\springheadSrcUniversal\core\src\Physics\PHBallJoint.cpp">
      <Filter>Sources</Filter>
    </ClCompile>
    <ClCompile Include="D:\springheadSrcUniversal\core\src\Physics\PHBody.cpp">
      <Filter>Sources</Filter>
    </ClCompile>
    <ClCompile Include="D:\springheadSrcUniversal\core\src\Physics\PHConstraint.cpp">
      <Filter>Sources</Filter>
    </ClCompile>
    <ClCompile Include="D:\springheadSrcUniversal\core\src\Physics\PHConstraintEngine.cpp">
      <Filter>Sources</Filter>
    </ClCompile>
    <ClCompile Include="D:\springheadSrcUniversal\core\src\Physics\PHContactDetector.cpp">
      <Filter>Sources</Filter>
    </ClCompile>
    <ClCompile Include="D:\springheadSrcUniversal\core\src\Physics\PHContactPoint.cpp">
      <Filter>Sources</Filter>
    </ClCompile>
    <ClCompile Include="D:\springheadSrcUniversal\core\src\Physics\PHContactSurface.cpp">
      <Filter>Sources</Filter>
    </ClCompile>
    <ClCompile Include="D:\springheadSrcUniversal\core\src\Physics\PHEngine.cpp">
      <Filter>Sources</Filter>
    </ClCompile>
    <ClCompile Include="D:\springheadSrcUniversal\core\src\Physics\PHFemBase.cpp">
      <Filter>Sources</Filter>
    </ClCompile>
    <ClCompile Include="D:\springheadSrcUniversal\core\src\Physics\PHFemCollision.cpp">
      <Filter>Sources</Filter>
    </ClCompile>
    <ClCompile Include="D:\springheadSrcUniversal\core\src\Physics\PHFemEngine.cpp">
      <Filter>Sources</Filter>
    </ClCompile>
    <ClCompile Include="D:\springheadSrcUniversal\core\src\Physics\PHFemEngineHeatTransfer.cpp">
      <Filter>Sources</Filter>
    </ClCompile>
    <ClCompile Include="D:\springheadSrcUniversal\core\src\Physics\PHFemMesh.cpp">
      <Filter>Sources</Filter>
    </ClCompile>
    <ClCompile Include="D:\springheadSrcUniversal\core\src\Physics\PHFemMeshNew.cpp">
      <Filter>Sources</Filter>
    </ClCompile>
    <ClCompile Include="D:\springheadSrcUniversal\core\src\Physics\PHFemMeshThermo.cpp">
      <Filter>Sources</Filter>
    </ClCompile>
    <ClCompile Include="D:\springheadSrcUniversal\core\src\Physics\PHFemPorousWOMove.cpp">
      <Filter>Sources</Filter>
    </ClCompile>
    <ClCompile Include="D:\springheadSrcUniversal\core\src\Physics\PHFemThermo.cpp">
      <Filter>Sources</Filter>
    </ClCompile>
    <ClCompile Include="D:\springheadSrcUniversal\core\src\Physics\PHFemVibration.cpp">
      <Filter>Sources</Filter>
    </ClCompile>
    <ClCompile Include="D:\springheadSrcUniversal\core\src\Physics\PHFixJoint.cpp">
      <Filter>Sources</Filter>
    </ClCompile>
    <ClCompile Include="D:\springheadSrcUniversal\core\src\Physics\PHForceField.cpp">
      <Filter>Sources</Filter>
    </ClCompile>
    <ClCompile Include="D:\springheadSrcUniversal\core\src\Physics\PHGear.cpp">
      <Filter>Sources</Filter>
    </ClCompile>
    <ClCompile Include="D:\springheadSrcUniversal\core\src\Physics\PHGenericJoint.cpp">
      <Filter>Sources</Filter>
    </ClCompile>
    <ClCompile Include="D:\springheadSrcUniversal\core\src\Physics\PHHapticEngine.cpp">
      <Filter>Sources</Filter>
    </ClCompile>
    <ClCompile Include="D:\springheadSrcUniversal\core\src\Physics\PHHapticEngineRender.cpp">
      <Filter>Sources</Filter>
    </ClCompile>
    <ClCompile Include="D:\springheadSrcUniversal\core\src\Physics\PHHapticPointer.cpp">
      <Filter>Sources</Filter>
    </ClCompile>
    <ClCompile Include="D:\springheadSrcUniversal\core\src\Physics\PHHapticStepBase.cpp">
      <Filter>Sources</Filter>
    </ClCompile>
    <ClCompile Include="D:\springheadSrcUniversal\core\src\Physics\PHHapticStepImpulse.cpp">
      <Filter>Sources</Filter>
    </ClCompile>
    <ClCompile Include="D:\springheadSrcUniversal\core\src\Physics\PHHapticStepLocalDynamics.cpp">
      <Filter>Sources</Filter>
    </ClCompile>
    <ClCompile Include="D:\springheadSrcUniversal\core\src\Physics\PHHapticStepLocalDynamicsDev.cpp">
      <Filter>Sources</Filter>
    </ClCompile>
    <ClCompile Include="D:\springheadSrcUniversal\core\src\Physics\PHHapticStepMulti.cpp">
      <Filter>Sources</Filter>
    </ClCompile>
    <ClCompile Include="D:\springheadSrcUniversal\core\src\Physics\PHHapticStepSingle.cpp">
      <Filter>Sources</Filter>
    </ClCompile>
    <ClCompile Include="D:\springheadSrcUniversal\core\src\Physics\PHHingeJoint.cpp">
      <Filter>Sources</Filter>
    </ClCompile>
    <ClCompile Include="D:\springheadSrcUniversal\core\src\Physics\PHIKActuator.cpp">
      <Filter>Sources</Filter>
    </ClCompile>
    <ClCompile Include="D:\springheadSrcUniversal\core\src\Physics\PHIKEndEffector.cpp">
      <Filter>Sources</Filter>
    </ClCompile>
    <ClCompile Include="D:\springheadSrcUniversal\core\src\Physics\PHIKEngine.cpp">
      <Filter>Sources</Filter>
    </ClCompile>
    <ClCompile Include="D:\springheadSrcUniversal\core\src\Physics\PHJoint.cpp">
      <Filter>Sources</Filter>
    </ClCompile>
    <ClCompile Include="D:\springheadSrcUniversal\core\src\Physics\PHJointLimit.cpp">
      <Filter>Sources</Filter>
    </ClCompile>
    <ClCompile Include="D:\springheadSrcUniversal\core\src\Physics\PHJointMotor.cpp">
      <Filter>Sources</Filter>
    </ClCompile>
    <ClCompile Include="D:\springheadSrcUniversal\core\src\Physics\PHLoadHandlers.cpp">
      <Filter>Sources</Filter>
    </ClCompile>
    <ClCompile Include="D:\springheadSrcUniversal\core\src\Physics\PHOpAnimation.cpp">
      <Filter>Sources</Filter>
    </ClCompile>
    <ClCompile Include="D:\springheadSrcUniversal\core\src\Physics\PHOpEngine.cpp">
      <Filter>Sources</Filter>
    </ClCompile>
    <ClCompile Include="D:\springheadSrcUniversal\core\src\Physics\PHOpGroup.cpp">
      <Filter>Sources</Filter>
    </ClCompile>
    <ClCompile Include="D:\springheadSrcUniversal\core\src\Physics\PHOpHapticController.cpp">
      <Filter>Sources</Filter>
    </ClCompile>
    <ClCompile Include="D:\springheadSrcUniversal\core\src\Physics\PHOpHapticRenderer.cpp">
      <Filter>Sources</Filter>
    </ClCompile>
    <ClCompile Include="D:\springheadSrcUniversal\core\src\Physics\PHOpHapticRenderer2.cpp">
      <Filter>Sources</Filter>
    </ClCompile>
    <ClCompile Include="D:\springheadSrcUniversal\core\src\Physics\PHOpObj.cpp">
      <Filter>Sources</Filter>
    </ClCompile>
    <ClCompile Include="D:\springheadSrcUniversal\core\src\Physics\PHOPParticle.cpp">
      <Filter>Sources</Filter>
    </ClCompile>
    <ClCompile Include="D:\springheadSrcUniversal\core\src\Physics\PHOpSpHashColliAgent.cpp">
      <Filter>Sources</Filter>
    </ClCompile>
    <ClCompile Include="D:\springheadSrcUniversal\core\src\Physics\PHPathJoint.cpp">
      <Filter>Sources</Filter>
    </ClCompile>
    <ClCompile Include="D:\springheadSrcUniversal\core\src\Physics\PHPenaltyEngine.cpp">
      <Filter>Sources</Filter>
    </ClCompile>
    <ClCompile Include="D:\springheadSrcUniversal\core\src\Physics\PHRegisterTypeDesc.cpp">
      <Filter>Sources</Filter>
    </ClCompile>
    <ClCompile Include="D:\springheadSrcUniversal\core\src\Physics\PHScene.cpp">
      <Filter>Sources</Filter>
    </ClCompile>
    <ClCompile Include="D:\springheadSrcUniversal\core\src\Physics\PHSdk.cpp">
      <Filter>Sources</Filter>
    </ClCompile>
    <ClCompile Include="D:\springheadSrcUniversal\core\src\Physics\PHSkeleton.cpp">
      <Filter>Sources</Filter>
    </ClCompile>
    <ClCompile Include="D:\springheadSrcUniversal\core\src\Physics\PHSliderJoint.cpp">
      <Filter>Sources</Filter>
    </ClCompile>
    <ClCompile Include="D:\springheadSrcUniversal\core\src\Physics\PHSolid.cpp">
      <Filter>Sources</Filter>
    </ClCompile>
    <ClCompile Include="D:\springheadSrcUniversal\core\src\Physics\PHSpring.cpp">
      <Filter>Sources</Filter>
    </ClCompile>
    <ClCompile Include="D:\springheadSrcUniversal\core\src\Physics\PHTreeNode.cpp">
      <Filter>Sources</Filter>
    </ClCompile>
    <ClCompile Include="D:\springheadSrcUniversal\core\src\Physics\PhysicsStub.cpp">
      <Filter>Sources</Filter>
    </ClCompile>
  </ItemGroup>
  <ItemGroup>
    <ClInclude Include="D:\springheadSrcUniversal\core\include\Physics\SprPHEngine.h">
      <Filter>Headers</Filter>
    </ClInclude>
    <ClInclude Include="D:\springheadSrcUniversal\core\include\Physics\SprPHFemMesh.h">
      <Filter>Headers</Filter>
    </ClInclude>
    <ClInclude Include="D:\springheadSrcUniversal\core\include\Physics\SprPHFemMeshNew.h">
      <Filter>Headers</Filter>
    </ClInclude>
    <ClInclude Include="D:\springheadSrcUniversal\core\include\Physics\SprPHHaptic.h">
      <Filter>Headers</Filter>
    </ClInclude>
    <ClInclude Include="D:\springheadSrcUniversal\core\include\Physics\SprPHIK.h">
      <Filter>Headers</Filter>
    </ClInclude>
    <ClInclude Include="D:\springheadSrcUniversal\core\include\Physics\SprPHJoint.h">
      <Filter>Headers</Filter>
    </ClInclude>
    <ClInclude Include="D:\springheadSrcUniversal\core\include\Physics\SprPHJointLimit.h">
      <Filter>Headers</Filter>
    </ClInclude>
    <ClInclude Include="D:\springheadSrcUniversal\core\include\Physics\SprPHNodeHandlers.h">
      <Filter>Headers</Filter>
    </ClInclude>
    <ClInclude Include="D:\springheadSrcUniversal\core\include\Physics\SprPHOpObj.h">
      <Filter>Headers</Filter>
    </ClInclude>
    <ClInclude Include="D:\springheadSrcUniversal\core\include\Physics\SprPHOpSpHashAgent.h">
      <Filter>Headers</Filter>
    </ClInclude>
    <ClInclude Include="D:\springheadSrcUniversal\core\include\Physics\SprPHScene.h">
      <Filter>Headers</Filter>
    </ClInclude>
    <ClInclude Include="D:\springheadSrcUniversal\core\include\Physics\SprPHSdk.h">
      <Filter>Headers</Filter>
    </ClInclude>
    <ClInclude Include="D:\springheadSrcUniversal\core\include\Physics\SprPHSkeleton.h">
      <Filter>Headers</Filter>
    </ClInclude>
    <ClInclude Include="D:\springheadSrcUniversal\core\include\Physics\SprPHSolid.h">
      <Filter>Headers</Filter>
    </ClInclude>
    <ClInclude Include="D:\springheadSrcUniversal\core\include\SprPhysics.h">
      <Filter>Headers</Filter>
    </ClInclude>
    <ClInclude Include="D:\springheadSrcUniversal\core\src\Physics\PHAxisIndex.h">
      <Filter>Headers</Filter>
    </ClInclude>
    <ClInclude Include="D:\springheadSrcUniversal\core\src\Physics\PHBallJoint.h">
      <Filter>Headers</Filter>
    </ClInclude>
    <ClInclude Include="D:\springheadSrcUniversal\core\src\Physics\PHBody.h">
      <Filter>Headers</Filter>
    </ClInclude>
    <ClInclude Include="D:\springheadSrcUniversal\core\src\Physics\PHConstraint.h">
      <Filter>Headers</Filter>
    </ClInclude>
    <ClInclude Include="D:\springheadSrcUniversal\core\src\Physics\PHConstraintEngine.h">
      <Filter>Headers</Filter>
    </ClInclude>
    <ClInclude Include="D:\springheadSrcUniversal\core\src\Physics\PHContactDetector.h">
      <Filter>Headers</Filter>
    </ClInclude>
    <ClInclude Include="D:\springheadSrcUniversal\core\src\Physics\PHContactPoint.h">
      <Filter>Headers</Filter>
    </ClInclude>
    <ClInclude Include="D:\springheadSrcUniversal\core\src\Physics\PHContactSurface.h">
      <Filter>Headers</Filter>
    </ClInclude>
    <ClInclude Include="D:\springheadSrcUniversal\core\src\Physics\PHEngine.h">
      <Filter>Headers</Filter>
    </ClInclude>
    <ClInclude Include="D:\springheadSrcUniversal\core\src\Physics\PHFemBase.h">
      <Filter>Headers</Filter>
    </ClInclude>
    <ClInclude Include="D:\springheadSrcUniversal\core\src\Physics\PHFemCollision.h">
      <Filter>Headers</Filter>
    </ClInclude>
    <ClInclude Include="D:\springheadSrcUniversal\core\src\Physics\PHFemEngine.h">
      <Filter>Headers</Filter>
    </ClInclude>
    <ClInclude Include="D:\springheadSrcUniversal\core\src\Physics\PHFemMesh.h">
      <Filter>Headers</Filter>
    </ClInclude>
    <ClInclude Include="D:\springheadSrcUniversal\core\src\Physics\PHFemMeshNew.h">
      <Filter>Headers</Filter>
    </ClInclude>
    <ClInclude Include="D:\springheadSrcUniversal\core\src\Physics\PHFemMeshThermo.h">
      <Filter>Headers</Filter>
    </ClInclude>
    <ClInclude Include="D:\springheadSrcUniversal\core\src\Physics\PHFemPorousWOMove.h">
      <Filter>Headers</Filter>
    </ClInclude>
    <ClInclude Include="D:\springheadSrcUniversal\core\src\Physics\PHFemThermo.h">
      <Filter>Headers</Filter>
    </ClInclude>
    <ClInclude Include="D:\springheadSrcUniversal\core\src\Physics\PHFemVibration.h">
      <Filter>Headers</Filter>
    </ClInclude>
    <ClInclude Include="D:\springheadSrcUniversal\core\src\Physics\PHFixJoint.h">
      <Filter>Headers</Filter>
    </ClInclude>
    <ClInclude Include="D:\springheadSrcUniversal\core\src\Physics\PHForceField.h">
      <Filter>Headers</Filter>
    </ClInclude>
    <ClInclude Include="D:\springheadSrcUniversal\core\src\Physics\PHGear.h">
      <Filter>Headers</Filter>
    </ClInclude>
    <ClInclude Include="D:\springheadSrcUniversal\core\src\Physics\PHGenericJoint.h">
      <Filter>Headers</Filter>
    </ClInclude>
    <ClInclude Include="D:\springheadSrcUniversal\core\src\Physics\PHHapticEngine.h">
      <Filter>Headers</Filter>
    </ClInclude>
    <ClInclude Include="D:\springheadSrcUniversal\core\src\Physics\PHHapticPointer.h">
      <Filter>Headers</Filter>
    </ClInclude>
    <ClInclude Include="D:\springheadSrcUniversal\core\src\Physics\PHHapticStepBase.h">
      <Filter>Headers</Filter>
    </ClInclude>
    <ClInclude Include="D:\springheadSrcUniversal\core\src\Physics\PHHapticStepImpulse.h">
      <Filter>Headers</Filter>
    </ClInclude>
    <ClInclude Include="D:\springheadSrcUniversal\core\src\Physics\PHHapticStepLocalDynamics.h">
      <Filter>Headers</Filter>
    </ClInclude>
    <ClInclude Include="D:\springheadSrcUniversal\core\src\Physics\PHHapticStepLocalDynamicsDev.h">
      <Filter>Headers</Filter>
    </ClInclude>
    <ClInclude Include="D:\springheadSrcUniversal\core\src\Physics\PHHapticStepMulti.h">
      <Filter>Headers</Filter>
    </ClInclude>
    <ClInclude Include="D:\springheadSrcUniversal\core\src\Physics\PHHapticStepSingle.h">
      <Filter>Headers</Filter>
    </ClInclude>
    <ClInclude Include="D:\springheadSrcUniversal\core\src\Physics\PHHingeJoint.h">
      <Filter>Headers</Filter>
    </ClInclude>
    <ClInclude Include="D:\springheadSrcUniversal\core\src\Physics\PHIKActuator.h">
      <Filter>Headers</Filter>
    </ClInclude>
    <ClInclude Include="D:\springheadSrcUniversal\core\src\Physics\PHIKEndEffector.h">
      <Filter>Headers</Filter>
    </ClInclude>
    <ClInclude Include="D:\springheadSrcUniversal\core\src\Physics\PHIKEngine.h">
      <Filter>Headers</Filter>
    </ClInclude>
    <ClInclude Include="D:\springheadSrcUniversal\core\src\Physics\PHJoint.h">
      <Filter>Headers</Filter>
    </ClInclude>
    <ClInclude Include="D:\springheadSrcUniversal\core\src\Physics\PHJointLimit.h">
      <Filter>Headers</Filter>
    </ClInclude>
    <ClInclude Include="D:\springheadSrcUniversal\core\src\Physics\PHJointMotor.h">
      <Filter>Headers</Filter>
    </ClInclude>
    <ClInclude Include="D:\springheadSrcUniversal\core\src\Physics\PHOpAnimation.h">
      <Filter>Headers</Filter>
    </ClInclude>
    <ClInclude Include="D:\springheadSrcUniversal\core\src\Physics\PHOpDecompositionMethods.h">
      <Filter>Headers</Filter>
    </ClInclude>
    <ClInclude Include="D:\springheadSrcUniversal\core\src\Physics\PHOpEngine.h">
      <Filter>Headers</Filter>
    </ClInclude>
    <ClInclude Include="D:\springheadSrcUniversal\core\src\Physics\PHOpGroup.h">
      <Filter>Headers</Filter>
    </ClInclude>
    <ClInclude Include="D:\springheadSrcUniversal\core\src\Physics\PHOpHapticController.h">
      <Filter>Headers</Filter>
    </ClInclude>
    <ClInclude Include="D:\springheadSrcUniversal\core\src\Physics\PHOpHapticRenderer.h">
      <Filter>Headers</Filter>
    </ClInclude>
    <ClInclude Include="D:\springheadSrcUniversal\core\src\Physics\PHOpObj.h">
      <Filter>Headers</Filter>
    </ClInclude>
    <ClInclude Include="D:\springheadSrcUniversal\core\src\Physics\PHOpParticle.h">
      <Filter>Headers</Filter>
    </ClInclude>
    <ClInclude Include="D:\springheadSrcUniversal\core\src\Physics\PHOpSpHashColliAgent.h">
      <Filter>Headers</Filter>
    </ClInclude>
    <ClInclude Include="D:\springheadSrcUniversal\core\src\Physics\PHPathJoint.h">
      <Filter>Headers</Filter>
    </ClInclude>
    <ClInclude Include="D:\springheadSrcUniversal\core\src\Physics\PHPenaltyEngine.h">
      <Filter>Headers</Filter>
    </ClInclude>
    <ClInclude Include="D:\springheadSrcUniversal\core\src\Physics\PHScene.h">
      <Filter>Headers</Filter>
    </ClInclude>
    <ClInclude Include="D:\springheadSrcUniversal\core\src\Physics\PHSdk.h">
      <Filter>Headers</Filter>
    </ClInclude>
    <ClInclude Include="D:\springheadSrcUniversal\core\src\Physics\PHSkeleton.h">
      <Filter>Headers</Filter>
    </ClInclude>
    <ClInclude Include="D:\springheadSrcUniversal\core\src\Physics\PHSliderJoint.h">
      <Filter>Headers</Filter>
    </ClInclude>
    <ClInclude Include="D:\springheadSrcUniversal\core\src\Physics\PHSolid.h">
      <Filter>Headers</Filter>
    </ClInclude>
    <ClInclude Include="D:\springheadSrcUniversal\core\src\Physics\PHSpring.h">
      <Filter>Headers</Filter>
    </ClInclude>
    <ClInclude Include="D:\springheadSrcUniversal\core\src\Physics\PHTreeNode.h">
      <Filter>Headers</Filter>
    </ClInclude>
    <ClInclude Include="D:\springheadSrcUniversal\core\src\Physics\Physics.h">
      <Filter>Headers</Filter>
    </ClInclude>
  </ItemGroup>
  <ItemGroup>
    <None Include="D:\springheadSrcUniversal\core\src\Physics\lcpnote.txt" />
  </ItemGroup>
  <ItemGroup>
    <Filter Include="Headers">
      <UniqueIdentifier>{8E4CEA32-19F7-3B82-B112-29CAD5476DE3}</UniqueIdentifier>
    </Filter>
    <Filter Include="Sources">
      <UniqueIdentifier>{095747F8-F5AD-3A7C-8AF5-78D5A84802C3}</UniqueIdentifier>
    </Filter>
  </ItemGroup>
</Project>
